
Microsoft Visual Studio Solution File, Format Version 12.00
# Visual Studio 15
VisualStudioVersion = 15.0.28307.539
MinimumVisualStudioVersion = 10.0.40219.1
Project("{FAE04EC0-301F-11D3-BF4B-00C04F79EFBC}") = "TicTacToe.Android", "TicTacToe\TicTacToe.Android\TicTacToe.Android.csproj", "{E0E30877-BF8F-4E03-9353-298D2B2E2EF1}"
EndProject
Project("{FAE04EC0-301F-11D3-BF4B-00C04F79EFBC}") = "TicTacToe.iOS", "TicTacToe\TicTacToe.iOS\TicTacToe.iOS.csproj", "{8B6E77A5-3439-4C5B-844B-A1AD5ABAD13E}"
EndProject
Project("{FAE04EC0-301F-11D3-BF4B-00C04F79EFBC}") = "TicTacToe", "TicTacToe\TicTacToe\TicTacToe.csproj", "{E235D19C-1D2B-44AA-A1CC-CB22A08A570D}"
EndProject
Global
	GlobalSection(SolutionConfigurationPlatforms) = preSolution
		Ad-Hoc|Any CPU = Ad-Hoc|Any CPU
		Ad-Hoc|iPhone = Ad-Hoc|iPhone
		Ad-Hoc|iPhoneSimulator = Ad-Hoc|iPhoneSimulator
		AppStore|Any CPU = AppStore|Any CPU
		AppStore|iPhone = AppStore|iPhone
		AppStore|iPhoneSimulator = AppStore|iPhoneSimulator
		Debug|Any CPU = Debug|Any CPU
		Debug|iPhone = Debug|iPhone
		Debug|iPhoneSimulator = Debug|iPhoneSimulator
		Release|Any CPU = Release|Any CPU
		Release|iPhone = Release|iPhone
		Release|iPhoneSimulator = Release|iPhoneSimulator
	EndGlobalSection
	GlobalSection(ProjectConfigurationPlatforms) = postSolution
		{E0E30877-BF8F-4E03-9353-298D2B2E2EF1}.Ad-Hoc|Any CPU.ActiveCfg = Release|Any CPU
		{E0E30877-BF8F-4E03-9353-298D2B2E2EF1}.Ad-Hoc|Any CPU.Build.0 = Release|Any CPU
		{E0E30877-BF8F-4E03-9353-298D2B2E2EF1}.Ad-Hoc|Any CPU.Deploy.0 = Release|Any CPU
		{E0E30877-BF8F-4E03-9353-298D2B2E2EF1}.Ad-Hoc|iPhone.ActiveCfg = Release|Any CPU
		{E0E30877-BF8F-4E03-9353-298D2B2E2EF1}.Ad-Hoc|iPhone.Build.0 = Release|Any CPU
		{E0E30877-BF8F-4E03-9353-298D2B2E2EF1}.Ad-Hoc|iPhone.Deploy.0 = Release|Any CPU
		{E0E30877-BF8F-4E03-9353-298D2B2E2EF1}.Ad-Hoc|iPhoneSimulator.ActiveCfg = Release|Any CPU
		{E0E30877-BF8F-4E03-9353-298D2B2E2EF1}.Ad-Hoc|iPhoneSimulator.Build.0 = Release|Any CPU
		{E0E30877-BF8F-4E03-9353-298D2B2E2EF1}.Ad-Hoc|iPhoneSimulator.Deploy.0 = Release|Any CPU
		{E0E30877-BF8F-4E03-9353-298D2B2E2EF1}.AppStore|Any CPU.ActiveCfg = Release|Any CPU
		{E0E30877-BF8F-4E03-9353-298D2B2E2EF1}.AppStore|Any CPU.Build.0 = Release|Any CPU
		{E0E30877-BF8F-4E03-9353-298D2B2E2EF1}.AppStore|Any CPU.Deploy.0 = Release|Any CPU
		{E0E30877-BF8F-4E03-9353-298D2B2E2EF1}.AppStore|iPhone.ActiveCfg = Release|Any CPU
		{E0E30877-BF8F-4E03-9353-298D2B2E2EF1}.AppStore|iPhone.Build.0 = Release|Any CPU
		{E0E30877-BF8F-4E03-9353-298D2B2E2EF1}.AppStore|iPhone.Deploy.0 = Release|Any CPU
		{E0E30877-BF8F-4E03-9353-298D2B2E2EF1}.AppStore|iPhoneSimulator.ActiveCfg = Release|Any CPU
		{E0E30877-BF8F-4E03-9353-298D2B2E2EF1}.AppStore|iPhoneSimulator.Build.0 = Release|Any CPU
		{E0E30877-BF8F-4E03-9353-298D2B2E2EF1}.AppStore|iPhoneSimulator.Deploy.0 = Release|Any CPU
		{E0E30877-BF8F-4E03-9353-298D2B2E2EF1}.Debug|Any CPU.ActiveCfg = Debug|Any CPU
		{E0E30877-BF8F-4E03-9353-298D2B2E2EF1}.Debug|Any CPU.Build.0 = Debug|Any CPU
		{E0E30877-BF8F-4E03-9353-298D2B2E2EF1}.Debug|Any CPU.Deploy.0 = Debug|Any CPU
		{E0E30877-BF8F-4E03-9353-298D2B2E2EF1}.Debug|iPhone.ActiveCfg = Debug|Any CPU
		{E0E30877-BF8F-4E03-9353-298D2B2E2EF1}.Debug|iPhone.Build.0 = Debug|Any CPU
		{E0E30877-BF8F-4E03-9353-298D2B2E2EF1}.Debug|iPhone.Deploy.0 = Debug|Any CPU
		{E0E30877-BF8F-4E03-9353-298D2B2E2EF1}.Debug|iPhoneSimulator.ActiveCfg = Debug|Any CPU
		{E0E30877-BF8F-4E03-9353-298D2B2E2EF1}.Debug|iPhoneSimulator.Build.0 = Debug|Any CPU
		{E0E30877-BF8F-4E03-9353-298D2B2E2EF1}.Debug|iPhoneSimulator.Deploy.0 = Debug|Any CPU
		{E0E30877-BF8F-4E03-9353-298D2B2E2EF1}.Release|Any CPU.ActiveCfg = Release|Any CPU
		{E0E30877-BF8F-4E03-9353-298D2B2E2EF1}.Release|Any CPU.Build.0 = Release|Any CPU
		{E0E30877-BF8F-4E03-9353-298D2B2E2EF1}.Release|Any CPU.Deploy.0 = Release|Any CPU
		{E0E30877-BF8F-4E03-9353-298D2B2E2EF1}.Release|iPhone.ActiveCfg = Release|Any CPU
		{E0E30877-BF8F-4E03-9353-298D2B2E2EF1}.Release|iPhone.Build.0 = Release|Any CPU
		{E0E30877-BF8F-4E03-9353-298D2B2E2EF1}.Release|iPhone.Deploy.0 = Release|Any CPU
		{E0E30877-BF8F-4E03-9353-298D2B2E2EF1}.Release|iPhoneSimulator.ActiveCfg = Release|Any CPU
		{E0E30877-BF8F-4E03-9353-298D2B2E2EF1}.Release|iPhoneSimulator.Build.0 = Release|Any CPU
		{E0E30877-BF8F-4E03-9353-298D2B2E2EF1}.Release|iPhoneSimulator.Deploy.0 = Release|Any CPU
		{8B6E77A5-3439-4C5B-844B-A1AD5ABAD13E}.Ad-Hoc|Any CPU.ActiveCfg = Ad-Hoc|iPhone
		{8B6E77A5-3439-4C5B-844B-A1AD5ABAD13E}.Ad-Hoc|Any CPU.Build.0 = Ad-Hoc|iPhone
		{8B6E77A5-3439-4C5B-844B-A1AD5ABAD13E}.Ad-Hoc|Any CPU.Deploy.0 = Ad-Hoc|iPhone
		{8B6E77A5-3439-4C5B-844B-A1AD5ABAD13E}.Ad-Hoc|iPhone.ActiveCfg = Ad-Hoc|iPhone
		{8B6E77A5-3439-4C5B-844B-A1AD5ABAD13E}.Ad-Hoc|iPhone.Build.0 = Ad-Hoc|iPhone
		{8B6E77A5-3439-4C5B-844B-A1AD5ABAD13E}.Ad-Hoc|iPhone.Deploy.0 = Ad-Hoc|iPhone
		{8B6E77A5-3439-4C5B-844B-A1AD5ABAD13E}.Ad-Hoc|iPhoneSimulator.ActiveCfg = Ad-Hoc|iPhoneSimulator
		{8B6E77A5-3439-4C5B-844B-A1AD5ABAD13E}.Ad-Hoc|iPhoneSimulator.Build.0 = Ad-Hoc|iPhoneSimulator
		{8B6E77A5-3439-4C5B-844B-A1AD5ABAD13E}.Ad-Hoc|iPhoneSimulator.Deploy.0 = Ad-Hoc|iPhoneSimulator
		{8B6E77A5-3439-4C5B-844B-A1AD5ABAD13E}.AppStore|Any CPU.ActiveCfg = AppStore|iPhone
		{8B6E77A5-3439-4C5B-844B-A1AD5ABAD13E}.AppStore|Any CPU.Build.0 = AppStore|iPhone
		{8B6E77A5-3439-4C5B-844B-A1AD5ABAD13E}.AppStore|Any CPU.Deploy.0 = AppStore|iPhone
		{8B6E77A5-3439-4C5B-844B-A1AD5ABAD13E}.AppStore|iPhone.ActiveCfg = AppStore|iPhone
		{8B6E77A5-3439-4C5B-844B-A1AD5ABAD13E}.AppStore|iPhone.Build.0 = AppStore|iPhone
		{8B6E77A5-3439-4C5B-844B-A1AD5ABAD13E}.AppStore|iPhone.Deploy.0 = AppStore|iPhone
		{8B6E77A5-3439-4C5B-844B-A1AD5ABAD13E}.AppStore|iPhoneSimulator.ActiveCfg = AppStore|iPhoneSimulator
		{8B6E77A5-3439-4C5B-844B-A1AD5ABAD13E}.AppStore|iPhoneSimulator.Build.0 = AppStore|iPhoneSimulator
		{8B6E77A5-3439-4C5B-844B-A1AD5ABAD13E}.AppStore|iPhoneSimulator.Deploy.0 = AppStore|iPhoneSimulator
		{8B6E77A5-3439-4C5B-844B-A1AD5ABAD13E}.Debug|Any CPU.ActiveCfg = Debug|iPhoneSimulator
		{8B6E77A5-3439-4C5B-844B-A1AD5ABAD13E}.Debug|Any CPU.Build.0 = Debug|iPhoneSimulator
		{8B6E77A5-3439-4C5B-844B-A1AD5ABAD13E}.Debug|Any CPU.Deploy.0 = Debug|iPhoneSimulator
		{8B6E77A5-3439-4C5B-844B-A1AD5ABAD13E}.Debug|iPhone.ActiveCfg = Debug|iPhone
		{8B6E77A5-3439-4C5B-844B-A1AD5ABAD13E}.Debug|iPhone.Build.0 = Debug|iPhone
		{8B6E77A5-3439-4C5B-844B-A1AD5ABAD13E}.Debug|iPhone.Deploy.0 = Debug|iPhone
		{8B6E77A5-3439-4C5B-844B-A1AD5ABAD13E}.Debug|iPhoneSimulator.ActiveCfg = Debug|iPhoneSimulator
		{8B6E77A5-3439-4C5B-844B-A1AD5ABAD13E}.Debug|iPhoneSimulator.Build.0 = Debug|iPhoneSimulator
		{8B6E77A5-3439-4C5B-844B-A1AD5ABAD13E}.Debug|iPhoneSimulator.Deploy.0 = Debug|iPhoneSimulator
		{8B6E77A5-3439-4C5B-844B-A1AD5ABAD13E}.Release|Any CPU.ActiveCfg = Release|iPhone
		{8B6E77A5-3439-4C5B-844B-A1AD5ABAD13E}.Release|Any CPU.Build.0 = Release|iPhone
		{8B6E77A5-3439-4C5B-844B-A1AD5ABAD13E}.Release|Any CPU.Deploy.0 = Release|iPhone
		{8B6E77A5-3439-4C5B-844B-A1AD5ABAD13E}.Release|iPhone.ActiveCfg = Release|iPhone
		{8B6E77A5-3439-4C5B-844B-A1AD5ABAD13E}.Release|iPhone.Build.0 = Release|iPhone
		{8B6E77A5-3439-4C5B-844B-A1AD5ABAD13E}.Release|iPhone.Deploy.0 = Release|iPhone
		{8B6E77A5-3439-4C5B-844B-A1AD5ABAD13E}.Release|iPhoneSimulator.ActiveCfg = Release|iPhoneSimulator
		{8B6E77A5-3439-4C5B-844B-A1AD5ABAD13E}.Release|iPhoneSimulator.Build.0 = Release|iPhoneSimulator
		{8B6E77A5-3439-4C5B-844B-A1AD5ABAD13E}.Release|iPhoneSimulator.Deploy.0 = Release|iPhoneSimulator
		{E235D19C-1D2B-44AA-A1CC-CB22A08A570D}.Ad-Hoc|Any CPU.ActiveCfg = Debug|Any CPU
		{E235D19C-1D2B-44AA-A1CC-CB22A08A570D}.Ad-Hoc|Any CPU.Build.0 = Debug|Any CPU
		{E235D19C-1D2B-44AA-A1CC-CB22A08A570D}.Ad-Hoc|Any CPU.Deploy.0 = Debug|Any CPU
		{E235D19C-1D2B-44AA-A1CC-CB22A08A570D}.Ad-Hoc|iPhone.ActiveCfg = Debug|Any CPU
		{E235D19C-1D2B-44AA-A1CC-CB22A08A570D}.Ad-Hoc|iPhone.Build.0 = Debug|Any CPU
		{E235D19C-1D2B-44AA-A1CC-CB22A08A570D}.Ad-Hoc|iPhone.Deploy.0 = Debug|Any CPU
		{E235D19C-1D2B-44AA-A1CC-CB22A08A570D}.Ad-Hoc|iPhoneSimulator.ActiveCfg = Debug|Any CPU
		{E235D19C-1D2B-44AA-A1CC-CB22A08A570D}.Ad-Hoc|iPhoneSimulator.Build.0 = Debug|Any CPU
		{E235D19C-1D2B-44AA-A1CC-CB22A08A570D}.Ad-Hoc|iPhoneSimulator.Deploy.0 = Debug|Any CPU
		{E235D19C-1D2B-44AA-A1CC-CB22A08A570D}.AppStore|Any CPU.ActiveCfg = Debug|Any CPU
		{E235D19C-1D2B-44AA-A1CC-CB22A08A570D}.AppStore|Any CPU.Build.0 = Debug|Any CPU
		{E235D19C-1D2B-44AA-A1CC-CB22A08A570D}.AppStore|Any CPU.Deploy.0 = Debug|Any CPU
		{E235D19C-1D2B-44AA-A1CC-CB22A08A570D}.AppStore|iPhone.ActiveCfg = Debug|Any CPU
		{E235D19C-1D2B-44AA-A1CC-CB22A08A570D}.AppStore|iPhone.Build.0 = Debug|Any CPU
		{E235D19C-1D2B-44AA-A1CC-CB22A08A570D}.AppStore|iPhone.Deploy.0 = Debug|Any CPU
		{E235D19C-1D2B-44AA-A1CC-CB22A08A570D}.AppStore|iPhoneSimulator.ActiveCfg = Debug|Any CPU
		{E235D19C-1D2B-44AA-A1CC-CB22A08A570D}.AppStore|iPhoneSimulator.Build.0 = Debug|Any CPU
		{E235D19C-1D2B-44AA-A1CC-CB22A08A570D}.AppStore|iPhoneSimulator.Deploy.0 = Debug|Any CPU
		{E235D19C-1D2B-44AA-A1CC-CB22A08A570D}.Debug|Any CPU.ActiveCfg = Debug|Any CPU
		{E235D19C-1D2B-44AA-A1CC-CB22A08A570D}.Debug|Any CPU.Build.0 = Debug|Any CPU
		{E235D19C-1D2B-44AA-A1CC-CB22A08A570D}.Debug|Any CPU.Deploy.0 = Debug|Any CPU
		{E235D19C-1D2B-44AA-A1CC-CB22A08A570D}.Debug|iPhone.ActiveCfg = Debug|Any CPU
		{E235D19C-1D2B-44AA-A1CC-CB22A08A570D}.Debug|iPhone.Build.0 = Debug|Any CPU
		{E235D19C-1D2B-44AA-A1CC-CB22A08A570D}.Debug|iPhone.Deploy.0 = Debug|Any CPU
		{E235D19C-1D2B-44AA-A1CC-CB22A08A570D}.Debug|iPhoneSimulator.ActiveCfg = Debug|Any CPU
		{E235D19C-1D2B-44AA-A1CC-CB22A08A570D}.Debug|iPhoneSimulator.Build.0 = Debug|Any CPU
		{E235D19C-1D2B-44AA-A1CC-CB22A08A570D}.Debug|iPhoneSimulator.Deploy.0 = Debug|Any CPU
		{E235D19C-1D2B-44AA-A1CC-CB22A08A570D}.Release|Any CPU.ActiveCfg = Release|Any CPU
		{E235D19C-1D2B-44AA-A1CC-CB22A08A570D}.Release|Any CPU.Build.0 = Release|Any CPU
		{E235D19C-1D2B-44AA-A1CC-CB22A08A570D}.Release|Any CPU.Deploy.0 = Release|Any CPU
		{E235D19C-1D2B-44AA-A1CC-CB22A08A570D}.Release|iPhone.ActiveCfg = Release|Any CPU
		{E235D19C-1D2B-44AA-A1CC-CB22A08A570D}.Release|iPhone.Build.0 = Release|Any CPU
		{E235D19C-1D2B-44AA-A1CC-CB22A08A570D}.Release|iPhone.Deploy.0 = Release|Any CPU
		{E235D19C-1D2B-44AA-A1CC-CB22A08A570D}.Release|iPhoneSimulator.ActiveCfg = Release|Any CPU
		{E235D19C-1D2B-44AA-A1CC-CB22A08A570D}.Release|iPhoneSimulator.Build.0 = Release|Any CPU
		{E235D19C-1D2B-44AA-A1CC-CB22A08A570D}.Release|iPhoneSimulator.Deploy.0 = Release|Any CPU
	EndGlobalSection
	GlobalSection(SolutionProperties) = preSolution
		HideSolutionNode = FALSE
	EndGlobalSection
	GlobalSection(ExtensibilityGlobals) = postSolution
		SolutionGuid = {5E22685A-FC0F-4147-8745-0AD340ACD039}
	EndGlobalSection
EndGlobal
